<?xml version="1.0" encoding="utf-8"?>
<Project ToolsVersion="4.0" xmlns="http://schemas.microsoft.com/developer/msbuild/2003">
  <ItemGroup>
    <Filter Include="Source Files">
      <UniqueIdentifier>{4FC737F1-C7A5-4376-A066-2A32D752A2FF}</UniqueIdentifier>
      <Extensions>cpp;c;cc;cxx;c++;cppm;ixx;def;odl;idl;hpj;bat;asm;asmx</Extensions>
    </Filter>
    <Filter Include="Header Files">
      <UniqueIdentifier>{93995380-89BD-4b04-88EB-625FBE52EBFB}</UniqueIdentifier>
      <Extensions>h;hh;hpp;hxx;h++;hm;inl;inc;ipp;xsd</Extensions>
    </Filter>
    <Filter Include="Resource Files">
      <UniqueIdentifier>{67DA6AB6-F800-4c08-8B7A-83BB121AAD01}</UniqueIdentifier>
      <Extensions>rc;ico;cur;bmp;dlg;rc2;rct;bin;rgs;gif;jpg;jpeg;jpe;resx;tiff;tif;png;wav;mfcribbon-ms</Extensions>
    </Filter>
    <Filter Include="Shaders">
      <UniqueIdentifier>{881a0205-2ee2-4488-a8ae-853d5ace6a1a}</UniqueIdentifier>
    </Filter>
    <Filter Include="Header Files\BindableSystem">
      <UniqueIdentifier>{f9a2b995-a62b-4c20-8215-5e3cb0841033}</UniqueIdentifier>
    </Filter>
    <Filter Include="Header Files\Drawable System">
      <UniqueIdentifier>{6240bb74-51db-4240-af25-1e421718a5aa}</UniqueIdentifier>
    </Filter>
    <Filter Include="Header Files\IMGUI">
      <UniqueIdentifier>{5c5301c8-cf36-4cea-a99d-b89130f40909}</UniqueIdentifier>
    </Filter>
    <Filter Include="Source Files\IMGUI">
      <UniqueIdentifier>{da581897-ee64-421f-a8e7-e4a0efe75a1b}</UniqueIdentifier>
    </Filter>
  </ItemGroup>
  <ItemGroup>
    <ClCompile Include="Application.cpp">
      <Filter>Source Files</Filter>
    </ClCompile>
    <ClCompile Include="Window.cpp">
      <Filter>Source Files</Filter>
    </ClCompile>
    <ClCompile Include="Main.cpp">
      <Filter>Source Files</Filter>
    </ClCompile>
    <ClCompile Include="D3D11.cpp">
      <Filter>Source Files</Filter>
    </ClCompile>
    <ClCompile Include="Drawable.cpp">
      <Filter>Source Files</Filter>
    </ClCompile>
    <ClCompile Include="CubeDrawable.cpp">
      <Filter>Source Files</Filter>
    </ClCompile>
    <ClCompile Include="..\packages\imgui\imgui_impl_dx11.cpp">
      <Filter>Source Files\IMGUI</Filter>
    </ClCompile>
    <ClCompile Include="..\packages\imgui\imgui_impl_win32.cpp">
      <Filter>Source Files\IMGUI</Filter>
    </ClCompile>
    <ClCompile Include="..\packages\imgui\imgui_tables.cpp">
      <Filter>Source Files\IMGUI</Filter>
    </ClCompile>
    <ClCompile Include="..\packages\imgui\imgui_widgets.cpp">
      <Filter>Source Files\IMGUI</Filter>
    </ClCompile>
    <ClCompile Include="..\packages\imgui\imgui.cpp">
      <Filter>Source Files\IMGUI</Filter>
    </ClCompile>
    <ClCompile Include="..\packages\imgui\imgui_demo.cpp">
      <Filter>Source Files\IMGUI</Filter>
    </ClCompile>
    <ClCompile Include="..\packages\imgui\imgui_draw.cpp">
      <Filter>Source Files\IMGUI</Filter>
    </ClCompile>
    <ClCompile Include="..\packages\imgui\imgui_impl_glfw.cpp">
      <Filter>Source Files\IMGUI</Filter>
    </ClCompile>
  </ItemGroup>
  <ItemGroup>
    <ClInclude Include="Window.h">
      <Filter>Header Files</Filter>
    </ClInclude>
    <ClInclude Include="Application.h">
      <Filter>Header Files</Filter>
    </ClInclude>
    <ClInclude Include="D3D11.h">
      <Filter>Header Files</Filter>
    </ClInclude>
    <ClInclude Include="Bindable.h">
      <Filter>Header Files\BindableSystem</Filter>
    </ClInclude>
    <ClInclude Include="ConstantBuffer.h">
      <Filter>Header Files\BindableSystem</Filter>
    </ClInclude>
    <ClInclude Include="IndexBuffer.h">
      <Filter>Header Files\BindableSystem</Filter>
    </ClInclude>
    <ClInclude Include="VertexBuffer.h">
      <Filter>Header Files\BindableSystem</Filter>
    </ClInclude>
    <ClInclude Include="VertexShader.h">
      <Filter>Header Files\BindableSystem</Filter>
    </ClInclude>
    <ClInclude Include="PixelShader.h">
      <Filter>Header Files\BindableSystem</Filter>
    </ClInclude>
    <ClInclude Include="InputLayout.h">
      <Filter>Header Files\BindableSystem</Filter>
    </ClInclude>
    <ClInclude Include="Drawable.h">
      <Filter>Header Files\Drawable System</Filter>
    </ClInclude>
    <ClInclude Include="CubeDrawable.h">
      <Filter>Header Files\Drawable System</Filter>
    </ClInclude>
    <ClInclude Include="MACROS.h">
      <Filter>Header Files</Filter>
    </ClInclude>
    <ClInclude Include="..\packages\imgui\imgui_internal.h">
      <Filter>Header Files\IMGUI</Filter>
    </ClInclude>
    <ClInclude Include="..\packages\imgui\imstb_rectpack.h">
      <Filter>Header Files\IMGUI</Filter>
    </ClInclude>
    <ClInclude Include="..\packages\imgui\imstb_textedit.h">
      <Filter>Header Files\IMGUI</Filter>
    </ClInclude>
    <ClInclude Include="..\packages\imgui\imstb_truetype.h">
      <Filter>Header Files\IMGUI</Filter>
    </ClInclude>
    <ClInclude Include="..\packages\imgui\imconfig.h">
      <Filter>Header Files\IMGUI</Filter>
    </ClInclude>
    <ClInclude Include="..\packages\imgui\imgui.h">
      <Filter>Header Files\IMGUI</Filter>
    </ClInclude>
    <ClInclude Include="..\packages\imgui\imgui_impl_dx11.h">
      <Filter>Header Files\IMGUI</Filter>
    </ClInclude>
    <ClInclude Include="..\packages\imgui\imgui_impl_win32.h">
      <Filter>Header Files\IMGUI</Filter>
    </ClInclude>
    <ClInclude Include="..\packages\imgui\imgui_impl_glfw.h">
      <Filter>Header Files\IMGUI</Filter>
    </ClInclude>
  </ItemGroup>
  <ItemGroup>
    <FxCompile Include="VertexShader.hlsl">
      <Filter>Shaders</Filter>
    </FxCompile>
    <FxCompile Include="PixelShader.hlsl">
      <Filter>Shaders</Filter>
    </FxCompile>
  </ItemGroup>
  <ItemGroup>
    <None Include="packages.config" />
  </ItemGroup>
</Project>